// !$*UTF8*$!
{
	archiveVersion = 1;
	classes = {
	};
	objectVersion = 56;
	objects = {

/* Begin PBXBuildFile section */
		DE2BFEBE2BB4C8E300D02450 /* AlertView.swift in Sources */ = {isa = PBXBuildFile; fileRef = DE2BFEBD2BB4C8E300D02450 /* AlertView.swift */; };
		DE3615B32BB469570095A060 /* MapViewModel.swift in Sources */ = {isa = PBXBuildFile; fileRef = DE3615B22BB469570095A060 /* MapViewModel.swift */; };
		DE67FACF2BACCD08008CC989 /* BoutiqueDetailScreen.swift in Sources */ = {isa = PBXBuildFile; fileRef = DE67FACE2BACCD08008CC989 /* BoutiqueDetailScreen.swift */; };
		DE67FAD12BACD594008CC989 /* BoutiqueRowView.swift in Sources */ = {isa = PBXBuildFile; fileRef = DE67FAD02BACD594008CC989 /* BoutiqueRowView.swift */; };
		DE718A0D2BB5DA79002ABA9C /* AppTheme.swift in Sources */ = {isa = PBXBuildFile; fileRef = DE718A0C2BB5DA79002ABA9C /* AppTheme.swift */; };
		DE959BCE2BA8C27300544C5F /* BaseAPI.swift in Sources */ = {isa = PBXBuildFile; fileRef = DE959BCD2BA8C27300544C5F /* BaseAPI.swift */; };
		DEB8F0722BA21DE600E95D06 /* BoutiquesApp.swift in Sources */ = {isa = PBXBuildFile; fileRef = DEB8F0712BA21DE600E95D06 /* BoutiquesApp.swift */; };
		DEB8F0762BA21DE700E95D06 /* Assets.xcassets in Resources */ = {isa = PBXBuildFile; fileRef = DEB8F0752BA21DE700E95D06 /* Assets.xcassets */; };
		DEB8F0792BA21DE700E95D06 /* Preview Assets.xcassets in Resources */ = {isa = PBXBuildFile; fileRef = DEB8F0782BA21DE700E95D06 /* Preview Assets.xcassets */; };
		DEB8F0A02BA34F9800E95D06 /* NetworkManager.swift in Sources */ = {isa = PBXBuildFile; fileRef = DEB8F09F2BA34F9800E95D06 /* NetworkManager.swift */; };
		DEB8F0A22BA3508700E95D06 /* BoutiqueModel.swift in Sources */ = {isa = PBXBuildFile; fileRef = DEB8F0A12BA3508700E95D06 /* BoutiqueModel.swift */; };
		DEB8F0A42BA3578F00E95D06 /* NetworkError.swift in Sources */ = {isa = PBXBuildFile; fileRef = DEB8F0A32BA3578F00E95D06 /* NetworkError.swift */; };
		DEB8F0A62BA364B600E95D06 /* BoutiqueListScreen.swift in Sources */ = {isa = PBXBuildFile; fileRef = DEB8F0A52BA364B600E95D06 /* BoutiqueListScreen.swift */; };
		DEB8F0A82BA364DF00E95D06 /* BoutiqueViewModel.swift in Sources */ = {isa = PBXBuildFile; fileRef = DEB8F0A72BA364DF00E95D06 /* BoutiqueViewModel.swift */; };
		DEDB80562BAFAC4E001D2F47 /* UniversLTStd-Light.otf in Resources */ = {isa = PBXBuildFile; fileRef = DEDB80552BAFAC4E001D2F47 /* UniversLTStd-Light.otf */; };
		DEDB80582BAFAC6F001D2F47 /* Baskerville.ttc in Resources */ = {isa = PBXBuildFile; fileRef = DEDB80572BAFAC6E001D2F47 /* Baskerville.ttc */; };
		DEDB805A2BAFAC86001D2F47 /* CustomFonts.swift in Sources */ = {isa = PBXBuildFile; fileRef = DEDB80592BAFAC86001D2F47 /* CustomFonts.swift */; };
		DEDB80602BAFC0F2001D2F47 /* NavBar+Helper.swift in Sources */ = {isa = PBXBuildFile; fileRef = DEDB805F2BAFC0F2001D2F47 /* NavBar+Helper.swift */; };
		DEDB80622BAFCF0A001D2F47 /* RootTabScreen.swift in Sources */ = {isa = PBXBuildFile; fileRef = DEDB80612BAFCF09001D2F47 /* RootTabScreen.swift */; };
		DEDB80642BAFCF79001D2F47 /* Constants.swift in Sources */ = {isa = PBXBuildFile; fileRef = DEDB80632BAFCF79001D2F47 /* Constants.swift */; };
		DEDB806C2BAFD1FD001D2F47 /* MapScreen.swift in Sources */ = {isa = PBXBuildFile; fileRef = DEDB806B2BAFD1FD001D2F47 /* MapScreen.swift */; };
		DEDB806E2BAFD204001D2F47 /* SettingsScreen.swift in Sources */ = {isa = PBXBuildFile; fileRef = DEDB806D2BAFD204001D2F47 /* SettingsScreen.swift */; };
		DEDB80702BAFD20F001D2F47 /* FavoritesScreen.swift in Sources */ = {isa = PBXBuildFile; fileRef = DEDB806F2BAFD20F001D2F47 /* FavoritesScreen.swift */; };
		DEDB80722BAFD254001D2F47 /* TabBarView.swift in Sources */ = {isa = PBXBuildFile; fileRef = DEDB80712BAFD254001D2F47 /* TabBarView.swift */; };
		DEF61AA42BB1D44800D94484 /* LogoView.swift in Sources */ = {isa = PBXBuildFile; fileRef = DEF61AA32BB1D44800D94484 /* LogoView.swift */; };
/* End PBXBuildFile section */

/* Begin PBXFileReference section */
		DE2BFEBD2BB4C8E300D02450 /* AlertView.swift */ = {isa = PBXFileReference; lastKnownFileType = sourcecode.swift; path = AlertView.swift; sourceTree = "<group>"; };
		DE3615B22BB469570095A060 /* MapViewModel.swift */ = {isa = PBXFileReference; lastKnownFileType = sourcecode.swift; path = MapViewModel.swift; sourceTree = "<group>"; };
		DE67FACE2BACCD08008CC989 /* BoutiqueDetailScreen.swift */ = {isa = PBXFileReference; lastKnownFileType = sourcecode.swift; path = BoutiqueDetailScreen.swift; sourceTree = "<group>"; };
		DE67FAD02BACD594008CC989 /* BoutiqueRowView.swift */ = {isa = PBXFileReference; lastKnownFileType = sourcecode.swift; path = BoutiqueRowView.swift; sourceTree = "<group>"; };
		DE718A0C2BB5DA79002ABA9C /* AppTheme.swift */ = {isa = PBXFileReference; lastKnownFileType = sourcecode.swift; path = AppTheme.swift; sourceTree = "<group>"; };
		DE959BCD2BA8C27300544C5F /* BaseAPI.swift */ = {isa = PBXFileReference; lastKnownFileType = sourcecode.swift; path = BaseAPI.swift; sourceTree = "<group>"; };
		DEB8F06E2BA21DE600E95D06 /* Boutiques.app */ = {isa = PBXFileReference; explicitFileType = wrapper.application; includeInIndex = 0; path = Boutiques.app; sourceTree = BUILT_PRODUCTS_DIR; };
		DEB8F0712BA21DE600E95D06 /* BoutiquesApp.swift */ = {isa = PBXFileReference; lastKnownFileType = sourcecode.swift; path = BoutiquesApp.swift; sourceTree = "<group>"; };
		DEB8F0752BA21DE700E95D06 /* Assets.xcassets */ = {isa = PBXFileReference; lastKnownFileType = folder.assetcatalog; path = Assets.xcassets; sourceTree = "<group>"; };
		DEB8F0782BA21DE700E95D06 /* Preview Assets.xcassets */ = {isa = PBXFileReference; lastKnownFileType = folder.assetcatalog; path = "Preview Assets.xcassets"; sourceTree = "<group>"; };
		DEB8F07F2BA21F3100E95D06 /* Config.xcconfig */ = {isa = PBXFileReference; lastKnownFileType = text.xcconfig; path = Config.xcconfig; sourceTree = "<group>"; };
		DEB8F0802BA21F5500E95D06 /* Info.plist */ = {isa = PBXFileReference; lastKnownFileType = text.plist; path = Info.plist; sourceTree = "<group>"; };
		DEB8F09F2BA34F9800E95D06 /* NetworkManager.swift */ = {isa = PBXFileReference; lastKnownFileType = sourcecode.swift; path = NetworkManager.swift; sourceTree = "<group>"; };
		DEB8F0A12BA3508700E95D06 /* BoutiqueModel.swift */ = {isa = PBXFileReference; lastKnownFileType = sourcecode.swift; path = BoutiqueModel.swift; sourceTree = "<group>"; };
		DEB8F0A32BA3578F00E95D06 /* NetworkError.swift */ = {isa = PBXFileReference; lastKnownFileType = sourcecode.swift; path = NetworkError.swift; sourceTree = "<group>"; };
		DEB8F0A52BA364B600E95D06 /* BoutiqueListScreen.swift */ = {isa = PBXFileReference; lastKnownFileType = sourcecode.swift; path = BoutiqueListScreen.swift; sourceTree = "<group>"; };
		DEB8F0A72BA364DF00E95D06 /* BoutiqueViewModel.swift */ = {isa = PBXFileReference; lastKnownFileType = sourcecode.swift; path = BoutiqueViewModel.swift; sourceTree = "<group>"; };
		DEDB80552BAFAC4E001D2F47 /* UniversLTStd-Light.otf */ = {isa = PBXFileReference; lastKnownFileType = file; path = "UniversLTStd-Light.otf"; sourceTree = "<group>"; };
		DEDB80572BAFAC6E001D2F47 /* Baskerville.ttc */ = {isa = PBXFileReference; lastKnownFileType = file; path = Baskerville.ttc; sourceTree = "<group>"; };
		DEDB80592BAFAC86001D2F47 /* CustomFonts.swift */ = {isa = PBXFileReference; lastKnownFileType = sourcecode.swift; path = CustomFonts.swift; sourceTree = "<group>"; };
		DEDB805F2BAFC0F2001D2F47 /* NavBar+Helper.swift */ = {isa = PBXFileReference; lastKnownFileType = sourcecode.swift; path = "NavBar+Helper.swift"; sourceTree = "<group>"; };
		DEDB80612BAFCF09001D2F47 /* RootTabScreen.swift */ = {isa = PBXFileReference; lastKnownFileType = sourcecode.swift; path = RootTabScreen.swift; sourceTree = "<group>"; };
		DEDB80632BAFCF79001D2F47 /* Constants.swift */ = {isa = PBXFileReference; lastKnownFileType = sourcecode.swift; path = Constants.swift; sourceTree = "<group>"; };
		DEDB806B2BAFD1FD001D2F47 /* MapScreen.swift */ = {isa = PBXFileReference; lastKnownFileType = sourcecode.swift; path = MapScreen.swift; sourceTree = "<group>"; };
		DEDB806D2BAFD204001D2F47 /* SettingsScreen.swift */ = {isa = PBXFileReference; lastKnownFileType = sourcecode.swift; path = SettingsScreen.swift; sourceTree = "<group>"; };
		DEDB806F2BAFD20F001D2F47 /* FavoritesScreen.swift */ = {isa = PBXFileReference; lastKnownFileType = sourcecode.swift; path = FavoritesScreen.swift; sourceTree = "<group>"; };
		DEDB80712BAFD254001D2F47 /* TabBarView.swift */ = {isa = PBXFileReference; lastKnownFileType = sourcecode.swift; path = TabBarView.swift; sourceTree = "<group>"; };
		DEF61AA32BB1D44800D94484 /* LogoView.swift */ = {isa = PBXFileReference; lastKnownFileType = sourcecode.swift; path = LogoView.swift; sourceTree = "<group>"; };
/* End PBXFileReference section */

/* Begin PBXFrameworksBuildPhase section */
		DEB8F06B2BA21DE600E95D06 /* Frameworks */ = {
			isa = PBXFrameworksBuildPhase;
			buildActionMask = 2147483647;
			files = (
			);
			runOnlyForDeploymentPostprocessing = 0;
		};
/* End PBXFrameworksBuildPhase section */

/* Begin PBXGroup section */
		DEB8F0652BA21DE600E95D06 = {
			isa = PBXGroup;
			children = (
				DEB8F0702BA21DE600E95D06 /* Boutiques */,
				DEB8F06F2BA21DE600E95D06 /* Products */,
			);
			sourceTree = "<group>";
		};
		DEB8F06F2BA21DE600E95D06 /* Products */ = {
			isa = PBXGroup;
			children = (
				DEB8F06E2BA21DE600E95D06 /* Boutiques.app */,
			);
			name = Products;
			sourceTree = "<group>";
		};
		DEB8F0702BA21DE600E95D06 /* Boutiques */ = {
			isa = PBXGroup;
			children = (
				DEB8F0712BA21DE600E95D06 /* BoutiquesApp.swift */,
				DEDB80542BAFAB44001D2F47 /* Assets */,
				DEDB804D2BAF6E20001D2F47 /* Models */,
				DEDB804F2BAF7060001D2F47 /* Network */,
				DEDB804A2BAF6E13001D2F47 /* Screens */,
				DEDB804E2BAF6EC5001D2F47 /* Utilities+Helpers */,
				DEDB804B2BAF6E17001D2F47 /* CustomViews */,
				DEDB804C2BAF6E1C001D2F47 /* ViewModels */,
				DEB8F0802BA21F5500E95D06 /* Info.plist */,
				DEB8F07F2BA21F3100E95D06 /* Config.xcconfig */,
				DEB8F0772BA21DE700E95D06 /* Preview Content */,
			);
			path = Boutiques;
			sourceTree = "<group>";
		};
		DEB8F0772BA21DE700E95D06 /* Preview Content */ = {
			isa = PBXGroup;
			children = (
				DEB8F0782BA21DE700E95D06 /* Preview Assets.xcassets */,
			);
			path = "Preview Content";
			sourceTree = "<group>";
		};
		DEDB804A2BAF6E13001D2F47 /* Screens */ = {
			isa = PBXGroup;
			children = (
				DEB8F0A52BA364B600E95D06 /* BoutiqueListScreen.swift */,
				DE67FACE2BACCD08008CC989 /* BoutiqueDetailScreen.swift */,
				DEDB80612BAFCF09001D2F47 /* RootTabScreen.swift */,
				DEDB806B2BAFD1FD001D2F47 /* MapScreen.swift */,
				DEDB806D2BAFD204001D2F47 /* SettingsScreen.swift */,
				DEDB806F2BAFD20F001D2F47 /* FavoritesScreen.swift */,
			);
			path = Screens;
			sourceTree = "<group>";
		};
		DEDB804B2BAF6E17001D2F47 /* CustomViews */ = {
			isa = PBXGroup;
			children = (
				DE2BFEBD2BB4C8E300D02450 /* AlertView.swift */,
				DEF61AA32BB1D44800D94484 /* LogoView.swift */,
				DE67FAD02BACD594008CC989 /* BoutiqueRowView.swift */,
				DEDB80712BAFD254001D2F47 /* TabBarView.swift */,
			);
			path = CustomViews;
			sourceTree = "<group>";
		};
		DEDB804C2BAF6E1C001D2F47 /* ViewModels */ = {
			isa = PBXGroup;
			children = (
				DE3615B22BB469570095A060 /* MapViewModel.swift */,
				DEB8F0A72BA364DF00E95D06 /* BoutiqueViewModel.swift */,
			);
			path = ViewModels;
			sourceTree = "<group>";
		};
		DEDB804D2BAF6E20001D2F47 /* Models */ = {
			isa = PBXGroup;
			children = (
				DEB8F0A12BA3508700E95D06 /* BoutiqueModel.swift */,
				DEDB80632BAFCF79001D2F47 /* Constants.swift */,
			);
			path = Models;
			sourceTree = "<group>";
		};
		DEDB804E2BAF6EC5001D2F47 /* Utilities+Helpers */ = {
			isa = PBXGroup;
			children = (
				DEB8F0A32BA3578F00E95D06 /* NetworkError.swift */,
				DEDB805F2BAFC0F2001D2F47 /* NavBar+Helper.swift */,
				DE718A0C2BB5DA79002ABA9C /* AppTheme.swift */,
			);
			path = "Utilities+Helpers";
			sourceTree = "<group>";
		};
		DEDB804F2BAF7060001D2F47 /* Network */ = {
			isa = PBXGroup;
			children = (
				DE959BCD2BA8C27300544C5F /* BaseAPI.swift */,
				DEB8F09F2BA34F9800E95D06 /* NetworkManager.swift */,
			);
			path = Network;
			sourceTree = "<group>";
		};
		DEDB80542BAFAB44001D2F47 /* Assets */ = {
			isa = PBXGroup;
			children = (
				DEDB80572BAFAC6E001D2F47 /* Baskerville.ttc */,
				DEDB80552BAFAC4E001D2F47 /* UniversLTStd-Light.otf */,
				DEB8F0752BA21DE700E95D06 /* Assets.xcassets */,
				DEDB80592BAFAC86001D2F47 /* CustomFonts.swift */,
			);
			path = Assets;
			sourceTree = "<group>";
		};
/* End PBXGroup section */

/* Begin PBXNativeTarget section */
		DEB8F06D2BA21DE600E95D06 /* Boutiques */ = {
			isa = PBXNativeTarget;
			buildConfigurationList = DEB8F07C2BA21DE700E95D06 /* Build configuration list for PBXNativeTarget "Boutiques" */;
			buildPhases = (
				DEB8F06A2BA21DE600E95D06 /* Sources */,
				DEB8F06B2BA21DE600E95D06 /* Frameworks */,
				DEB8F06C2BA21DE600E95D06 /* Resources */,
			);
			buildRules = (
			);
			dependencies = (
			);
			name = Boutiques;
			productName = Boutiques;
			productReference = DEB8F06E2BA21DE600E95D06 /* Boutiques.app */;
			productType = "com.apple.product-type.application";
		};
/* End PBXNativeTarget section */

/* Begin PBXProject section */
		DEB8F0662BA21DE600E95D06 /* Project object */ = {
			isa = PBXProject;
			attributes = {
				BuildIndependentTargetsInParallel = 1;
				LastSwiftUpdateCheck = 1530;
				LastUpgradeCheck = 1530;
				TargetAttributes = {
					DEB8F06D2BA21DE600E95D06 = {
						CreatedOnToolsVersion = 15.3;
					};
				};
			};
			buildConfigurationList = DEB8F0692BA21DE600E95D06 /* Build configuration list for PBXProject "Boutiques" */;
			compatibilityVersion = "Xcode 14.0";
			developmentRegion = en;
			hasScannedForEncodings = 0;
			knownRegions = (
				en,
				Base,
			);
			mainGroup = DEB8F0652BA21DE600E95D06;
			productRefGroup = DEB8F06F2BA21DE600E95D06 /* Products */;
			projectDirPath = "";
			projectRoot = "";
			targets = (
				DEB8F06D2BA21DE600E95D06 /* Boutiques */,
			);
		};
/* End PBXProject section */

/* Begin PBXResourcesBuildPhase section */
		DEB8F06C2BA21DE600E95D06 /* Resources */ = {
			isa = PBXResourcesBuildPhase;
			buildActionMask = 2147483647;
			files = (
				DEDB80582BAFAC6F001D2F47 /* Baskerville.ttc in Resources */,
				DEB8F0792BA21DE700E95D06 /* Preview Assets.xcassets in Resources */,
				DEB8F0762BA21DE700E95D06 /* Assets.xcassets in Resources */,
				DEDB80562BAFAC4E001D2F47 /* UniversLTStd-Light.otf in Resources */,
			);
			runOnlyForDeploymentPostprocessing = 0;
		};
/* End PBXResourcesBuildPhase section */

/* Begin PBXSourcesBuildPhase section */
		DEB8F06A2BA21DE600E95D06 /* Sources */ = {
			isa = PBXSourcesBuildPhase;
			buildActionMask = 2147483647;
			files = (
				DE718A0D2BB5DA79002ABA9C /* AppTheme.swift in Sources */,
				DEDB806E2BAFD204001D2F47 /* SettingsScreen.swift in Sources */,
				DE67FAD12BACD594008CC989 /* BoutiqueRowView.swift in Sources */,
				DE2BFEBE2BB4C8E300D02450 /* AlertView.swift in Sources */,
				DEB8F0A02BA34F9800E95D06 /* NetworkManager.swift in Sources */,
				DEB8F0722BA21DE600E95D06 /* BoutiquesApp.swift in Sources */,
				DEDB80702BAFD20F001D2F47 /* FavoritesScreen.swift in Sources */,
				DEF61AA42BB1D44800D94484 /* LogoView.swift in Sources */,
				DEDB80622BAFCF0A001D2F47 /* RootTabScreen.swift in Sources */,
				DE959BCE2BA8C27300544C5F /* BaseAPI.swift in Sources */,
				DEB8F0A42BA3578F00E95D06 /* NetworkError.swift in Sources */,
				DEB8F0A82BA364DF00E95D06 /* BoutiqueViewModel.swift in Sources */,
				DE3615B32BB469570095A060 /* MapViewModel.swift in Sources */,
				DEDB80722BAFD254001D2F47 /* TabBarView.swift in Sources */,
				DEDB80602BAFC0F2001D2F47 /* NavBar+Helper.swift in Sources */,
				DEDB806C2BAFD1FD001D2F47 /* MapScreen.swift in Sources */,
				DEB8F0A22BA3508700E95D06 /* BoutiqueModel.swift in Sources */,
				DEDB80642BAFCF79001D2F47 /* Constants.swift in Sources */,
				DEDB805A2BAFAC86001D2F47 /* CustomFonts.swift in Sources */,
				DE67FACF2BACCD08008CC989 /* BoutiqueDetailScreen.swift in Sources */,
				DEB8F0A62BA364B600E95D06 /* BoutiqueListScreen.swift in Sources */,
			);
			runOnlyForDeploymentPostprocessing = 0;
		};
/* End PBXSourcesBuildPhase section */

/* Begin XCBuildConfiguration section */
		DEB8F07A2BA21DE700E95D06 /* Debug */ = {
			isa = XCBuildConfiguration;
			baseConfigurationReference = DEB8F07F2BA21F3100E95D06 /* Config.xcconfig */;
			buildSettings = {
				ALWAYS_SEARCH_USER_PATHS = NO;
				ASSETCATALOG_COMPILER_GENERATE_SWIFT_ASSET_SYMBOL_EXTENSIONS = YES;
				CLANG_ANALYZER_NONNULL = YES;
				CLANG_ANALYZER_NUMBER_OBJECT_CONVERSION = YES_AGGRESSIVE;
				CLANG_CXX_LANGUAGE_STANDARD = "gnu++20";
				CLANG_ENABLE_MODULES = YES;
				CLANG_ENABLE_OBJC_ARC = YES;
				CLANG_ENABLE_OBJC_WEAK = YES;
				CLANG_WARN_BLOCK_CAPTURE_AUTORELEASING = YES;
				CLANG_WARN_BOOL_CONVERSION = YES;
				CLANG_WARN_COMMA = YES;
				CLANG_WARN_CONSTANT_CONVERSION = YES;
				CLANG_WARN_DEPRECATED_OBJC_IMPLEMENTATIONS = YES;
				CLANG_WARN_DIRECT_OBJC_ISA_USAGE = YES_ERROR;
				CLANG_WARN_DOCUMENTATION_COMMENTS = YES;
				CLANG_WARN_EMPTY_BODY = YES;
				CLANG_WARN_ENUM_CONVERSION = YES;
				CLANG_WARN_INFINITE_RECURSION = YES;
				CLANG_WARN_INT_CONVERSION = YES;
				CLANG_WARN_NON_LITERAL_NULL_CONVERSION = YES;
				CLANG_WARN_OBJC_IMPLICIT_RETAIN_SELF = YES;
				CLANG_WARN_OBJC_LITERAL_CONVERSION = YES;
				CLANG_WARN_OBJC_ROOT_CLASS = YES_ERROR;
				CLANG_WARN_QUOTED_INCLUDE_IN_FRAMEWORK_HEADER = YES;
				CLANG_WARN_RANGE_LOOP_ANALYSIS = YES;
				CLANG_WARN_STRICT_PROTOTYPES = YES;
				CLANG_WARN_SUSPICIOUS_MOVE = YES;
				CLANG_WARN_UNGUARDED_AVAILABILITY = YES_AGGRESSIVE;
				CLANG_WARN_UNREACHABLE_CODE = YES;
				CLANG_WARN__DUPLICATE_METHOD_MATCH = YES;
				COPY_PHASE_STRIP = NO;
				DEBUG_INFORMATION_FORMAT = dwarf;
				ENABLE_STRICT_OBJC_MSGSEND = YES;
				ENABLE_TESTABILITY = YES;
				ENABLE_USER_SCRIPT_SANDBOXING = YES;
				GCC_C_LANGUAGE_STANDARD = gnu17;
				GCC_DYNAMIC_NO_PIC = NO;
				GCC_NO_COMMON_BLOCKS = YES;
				GCC_OPTIMIZATION_LEVEL = 0;
				GCC_PREPROCESSOR_DEFINITIONS = (
					"DEBUG=1",
					"$(inherited)",
				);
				GCC_WARN_64_TO_32_BIT_CONVERSION = YES;
				GCC_WARN_ABOUT_RETURN_TYPE = YES_ERROR;
				GCC_WARN_UNDECLARED_SELECTOR = YES;
				GCC_WARN_UNINITIALIZED_AUTOS = YES_AGGRESSIVE;
				GCC_WARN_UNUSED_FUNCTION = YES;
				GCC_WARN_UNUSED_VARIABLE = YES;
				IPHONEOS_DEPLOYMENT_TARGET = 17.0;
				LOCALIZATION_PREFERS_STRING_CATALOGS = YES;
				MTL_ENABLE_DEBUG_INFO = INCLUDE_SOURCE;
				MTL_FAST_MATH = YES;
				ONLY_ACTIVE_ARCH = YES;
				SDKROOT = iphoneos;
				SWIFT_ACTIVE_COMPILATION_CONDITIONS = "DEBUG $(inherited)";
				SWIFT_OPTIMIZATION_LEVEL = "-Onone";
			};
			name = Debug;
		};
		DEB8F07B2BA21DE700E95D06 /* Release */ = {
			isa = XCBuildConfiguration;
			baseConfigurationReference = DEB8F07F2BA21F3100E95D06 /* Config.xcconfig */;
			buildSettings = {
				ALWAYS_SEARCH_USER_PATHS = NO;
				ASSETCATALOG_COMPILER_GENERATE_SWIFT_ASSET_SYMBOL_EXTENSIONS = YES;
				CLANG_ANALYZER_NONNULL = YES;
				CLANG_ANALYZER_NUMBER_OBJECT_CONVERSION = YES_AGGRESSIVE;
				CLANG_CXX_LANGUAGE_STANDARD = "gnu++20";
				CLANG_ENABLE_MODULES = YES;
				CLANG_ENABLE_OBJC_ARC = YES;
				CLANG_ENABLE_OBJC_WEAK = YES;
				CLANG_WARN_BLOCK_CAPTURE_AUTORELEASING = YES;
				CLANG_WARN_BOOL_CONVERSION = YES;
				CLANG_WARN_COMMA = YES;
				CLANG_WARN_CONSTANT_CONVERSION = YES;
				CLANG_WARN_DEPRECATED_OBJC_IMPLEMENTATIONS = YES;
				CLANG_WARN_DIRECT_OBJC_ISA_USAGE = YES_ERROR;
				CLANG_WARN_DOCUMENTATION_COMMENTS = YES;
				CLANG_WARN_EMPTY_BODY = YES;
				CLANG_WARN_ENUM_CONVERSION = YES;
				CLANG_WARN_INFINITE_RECURSION = YES;
				CLANG_WARN_INT_CONVERSION = YES;
				CLANG_WARN_NON_LITERAL_NULL_CONVERSION = YES;
				CLANG_WARN_OBJC_IMPLICIT_RETAIN_SELF = YES;
				CLANG_WARN_OBJC_LITERAL_CONVERSION = YES;
				CLANG_WARN_OBJC_ROOT_CLASS = YES_ERROR;
				CLANG_WARN_QUOTED_INCLUDE_IN_FRAMEWORK_HEADER = YES;
				CLANG_WARN_RANGE_LOOP_ANALYSIS = YES;
				CLANG_WARN_STRICT_PROTOTYPES = YES;
				CLANG_WARN_SUSPICIOUS_MOVE = YES;
				CLANG_WARN_UNGUARDED_AVAILABILITY = YES_AGGRESSIVE;
				CLANG_WARN_UNREACHABLE_CODE = YES;
				CLANG_WARN__DUPLICATE_METHOD_MATCH = YES;
				COPY_PHASE_STRIP = NO;
				DEBUG_INFORMATION_FORMAT = "dwarf-with-dsym";
				ENABLE_NS_ASSERTIONS = NO;
				ENABLE_STRICT_OBJC_MSGSEND = YES;
				ENABLE_USER_SCRIPT_SANDBOXING = YES;
				GCC_C_LANGUAGE_STANDARD = gnu17;
				GCC_NO_COMMON_BLOCKS = YES;
				GCC_WARN_64_TO_32_BIT_CONVERSION = YES;
				GCC_WARN_ABOUT_RETURN_TYPE = YES_ERROR;
				GCC_WARN_UNDECLARED_SELECTOR = YES;
				GCC_WARN_UNINITIALIZED_AUTOS = YES_AGGRESSIVE;
				GCC_WARN_UNUSED_FUNCTION = YES;
				GCC_WARN_UNUSED_VARIABLE = YES;
				IPHONEOS_DEPLOYMENT_TARGET = 17.0;
				LOCALIZATION_PREFERS_STRING_CATALOGS = YES;
				MTL_ENABLE_DEBUG_INFO = NO;
				MTL_FAST_MATH = YES;
				SDKROOT = iphoneos;
				SWIFT_COMPILATION_MODE = wholemodule;
				VALIDATE_PRODUCT = YES;
			};
			name = Release;
		};
		DEB8F07D2BA21DE700E95D06 /* Debug */ = {
			isa = XCBuildConfiguration;
			buildSettings = {
				ASSETCATALOG_COMPILER_APPICON_NAME = AppIcon;
				ASSETCATALOG_COMPILER_GLOBAL_ACCENT_COLOR_NAME = AccentColor;
				CODE_SIGN_STYLE = Automatic;
				CURRENT_PROJECT_VERSION = 1;
				DEVELOPMENT_ASSET_PATHS = "\"Boutiques/Preview Content\"";
				DEVELOPMENT_TEAM = G4B5B4UZY6;
				ENABLE_PREVIEWS = YES;
				GENERATE_INFOPLIST_FILE = YES;
				INFOPLIST_FILE = Boutiques/Info.plist;
				INFOPLIST_KEY_UIApplicationSceneManifest_Generation = YES;
				INFOPLIST_KEY_UIApplicationSupportsIndirectInputEvents = YES;
				INFOPLIST_KEY_UILaunchScreen_Generation = YES;
				INFOPLIST_KEY_UISupportedInterfaceOrientations_iPad = "UIInterfaceOrientationPortrait UIInterfaceOrientationPortraitUpsideDown UIInterfaceOrientationLandscapeLeft UIInterfaceOrientationLandscapeRight";
				INFOPLIST_KEY_UISupportedInterfaceOrientations_iPhone = "UIInterfaceOrientationPortrait UIInterfaceOrientationLandscapeLeft UIInterfaceOrientationLandscapeRight";
				LD_RUNPATH_SEARCH_PATHS = (
					"$(inherited)",
					"@executable_path/Frameworks",
				);
				MARKETING_VERSION = 1.0;
				PRODUCT_BUNDLE_IDENTIFIER = yuyu.Boutiques;
				PRODUCT_NAME = "$(TARGET_NAME)";
				SWIFT_EMIT_LOC_STRINGS = YES;
				SWIFT_VERSION = 5.0;
				TARGETED_DEVICE_FAMILY = "1,2";
			};
			name = Debug;
		};
		DEB8F07E2BA21DE700E95D06 /* Release */ = {
			isa = XCBuildConfiguration;
			buildSettings = {
				ASSETCATALOG_COMPILER_APPICON_NAME = AppIcon;
				ASSETCATALOG_COMPILER_GLOBAL_ACCENT_COLOR_NAME = AccentColor;
				CODE_SIGN_STYLE = Automatic;
				CURRENT_PROJECT_VERSION = 1;
				DEVELOPMENT_ASSET_PATHS = "\"Boutiques/Preview Content\"";
				DEVELOPMENT_TEAM = G4B5B4UZY6;
				ENABLE_PREVIEWS = YES;
				GENERATE_INFOPLIST_FILE = YES;
				INFOPLIST_FILE = Boutiques/Info.plist;
				INFOPLIST_KEY_UIApplicationSceneManifest_Generation = YES;
				INFOPLIST_KEY_UIApplicationSupportsIndirectInputEvents = YES;
				INFOPLIST_KEY_UILaunchScreen_Generation = YES;
				INFOPLIST_KEY_UISupportedInterfaceOrientations_iPad = "UIInterfaceOrientationPortrait UIInterfaceOrientationPortraitUpsideDown UIInterfaceOrientationLandscapeLeft UIInterfaceOrientationLandscapeRight";
				INFOPLIST_KEY_UISupportedInterfaceOrientations_iPhone = "UIInterfaceOrientationPortrait UIInterfaceOrientationLandscapeLeft UIInterfaceOrientationLandscapeRight";
				LD_RUNPATH_SEARCH_PATHS = (
					"$(inherited)",
					"@executable_path/Frameworks",
				);
				MARKETING_VERSION = 1.0;
				PRODUCT_BUNDLE_IDENTIFIER = yuyu.Boutiques;
				PRODUCT_NAME = "$(TARGET_NAME)";
				SWIFT_EMIT_LOC_STRINGS = YES;
				SWIFT_VERSION = 5.0;
				TARGETED_DEVICE_FAMILY = "1,2";
			};
			name = Release;
		};
/* End XCBuildConfiguration section */

/* Begin XCConfigurationList section */
		DEB8F0692BA21DE600E95D06 /* Build configuration list for PBXProject "Boutiques" */ = {
			isa = XCConfigurationList;
			buildConfigurations = (
				DEB8F07A2BA21DE700E95D06 /* Debug */,
				DEB8F07B2BA21DE700E95D06 /* Release */,
			);
			defaultConfigurationIsVisible = 0;
			defaultConfigurationName = Release;
		};
		DEB8F07C2BA21DE700E95D06 /* Build configuration list for PBXNativeTarget "Boutiques" */ = {
			isa = XCConfigurationList;
			buildConfigurations = (
				DEB8F07D2BA21DE700E95D06 /* Debug */,
				DEB8F07E2BA21DE700E95D06 /* Release */,
			);
			defaultConfigurationIsVisible = 0;
			defaultConfigurationName = Release;
		};
/* End XCConfigurationList section */
	};
	rootObject = DEB8F0662BA21DE600E95D06 /* Project object */;
}
